
Microsoft Visual Studio Solution File, Format Version 12.00
# Visual Studio Version 17
VisualStudioVersion = 17.2.32526.322
MinimumVisualStudioVersion = 10.0.40219.1
Project("{9A19103F-16F7-4668-BE54-9A1E7A4F7556}") = "EF018-BasicSaveWithTracking", "EF018\EF018-BasicSaveWithTracking.csproj", "{412BAFE6-F03A-4A43-AFF8-56879F2E270B}"
EndProject
Project("{FAE04EC0-301F-11D3-BF4B-00C04F79EFBC}") = "EF18-ChangeWithTracking", "EF18-ChangeWithTracking\EF18-ChangeWithTracking.csproj", "{C28ED78E-07E2-478D-873B-2A89CE2E3AF7}"
EndProject
Project("{FAE04EC0-301F-11D3-BF4B-00C04F79EFBC}") = "EF018-CascadeDelete", "EF018-CascadeDelete\EF018-CascadeDelete.csproj", "{F0673AF5-9961-423D-9A6D-7781D35D1ACF}"
EndProject
Project("{FAE04EC0-301F-11D3-BF4B-00C04F79EFBC}") = "EF018-EfficientUpdate", "EF018-EfficientUpdate\EF018-EfficientUpdate.csproj", "{C7156363-D405-428F-9A22-0CC4411865C6}"
EndProject
Global
	GlobalSection(SolutionConfigurationPlatforms) = preSolution
		Debug|Any CPU = Debug|Any CPU
		Release|Any CPU = Release|Any CPU
	EndGlobalSection
	GlobalSection(ProjectConfigurationPlatforms) = postSolution
		{412BAFE6-F03A-4A43-AFF8-56879F2E270B}.Debug|Any CPU.ActiveCfg = Debug|Any CPU
		{412BAFE6-F03A-4A43-AFF8-56879F2E270B}.Debug|Any CPU.Build.0 = Debug|Any CPU
		{412BAFE6-F03A-4A43-AFF8-56879F2E270B}.Release|Any CPU.ActiveCfg = Release|Any CPU
		{412BAFE6-F03A-4A43-AFF8-56879F2E270B}.Release|Any CPU.Build.0 = Release|Any CPU
		{C28ED78E-07E2-478D-873B-2A89CE2E3AF7}.Debug|Any CPU.ActiveCfg = Debug|Any CPU
		{C28ED78E-07E2-478D-873B-2A89CE2E3AF7}.Debug|Any CPU.Build.0 = Debug|Any CPU
		{C28ED78E-07E2-478D-873B-2A89CE2E3AF7}.Release|Any CPU.ActiveCfg = Release|Any CPU
		{C28ED78E-07E2-478D-873B-2A89CE2E3AF7}.Release|Any CPU.Build.0 = Release|Any CPU
		{F0673AF5-9961-423D-9A6D-7781D35D1ACF}.Debug|Any CPU.ActiveCfg = Debug|Any CPU
		{F0673AF5-9961-423D-9A6D-7781D35D1ACF}.Debug|Any CPU.Build.0 = Debug|Any CPU
		{F0673AF5-9961-423D-9A6D-7781D35D1ACF}.Release|Any CPU.ActiveCfg = Release|Any CPU
		{F0673AF5-9961-423D-9A6D-7781D35D1ACF}.Release|Any CPU.Build.0 = Release|Any CPU
		{C7156363-D405-428F-9A22-0CC4411865C6}.Debug|Any CPU.ActiveCfg = Debug|Any CPU
		{C7156363-D405-428F-9A22-0CC4411865C6}.Debug|Any CPU.Build.0 = Debug|Any CPU
		{C7156363-D405-428F-9A22-0CC4411865C6}.Release|Any CPU.ActiveCfg = Release|Any CPU
		{C7156363-D405-428F-9A22-0CC4411865C6}.Release|Any CPU.Build.0 = Release|Any CPU
	EndGlobalSection
	GlobalSection(SolutionProperties) = preSolution
		HideSolutionNode = FALSE
	EndGlobalSection
	GlobalSection(ExtensibilityGlobals) = postSolution
		SolutionGuid = {DCE849F4-F166-4EEC-846E-D2013F1AAA73}
	EndGlobalSection
EndGlobal
